
Microsoft Visual Studio Solution File, Format Version 12.00
# Visual Studio 15
VisualStudioVersion = 15.0.27130.2003
MinimumVisualStudioVersion = 10.0.40219.1
Project("{FAE04EC0-301F-11D3-BF4B-00C04F79EFBC}") = "Logger", "Logger\Logger.csproj", "{0B126DFF-2788-475D-B44D-3BD79037CE40}"
EndProject
Global
	GlobalSection(SolutionConfigurationPlatforms) = preSolution
		Debug|Any CPU = Debug|Any CPU
		Release|Any CPU = Release|Any CPU
	EndGlobalSection
	GlobalSection(ProjectConfigurationPlatforms) = postSolution
		{0B126DFF-2788-475D-B44D-3BD79037CE40}.Debug|Any CPU.ActiveCfg = Debug|Any CPU
		{0B126DFF-2788-475D-B44D-3BD79037CE40}.Debug|Any CPU.Build.0 = Debug|Any CPU
		{0B126DFF-2788-475D-B44D-3BD79037CE40}.Release|Any CPU.ActiveCfg = Release|Any CPU
		{0B126DFF-2788-475D-B44D-3BD79037CE40}.Release|Any CPU.Build.0 = Release|Any CPU
	EndGlobalSection
	GlobalSection(SolutionProperties) = preSolution
		HideSolutionNode = FALSE
	EndGlobalSection
	GlobalSection(ExtensibilityGlobals) = postSolution
		SolutionGuid = {E95AE8B7-57D1-4F50-A0F2-05FB6A2589C5}
	EndGlobalSection
EndGlobal
