
Microsoft Visual Studio Solution File, Format Version 12.00
# Visual Studio 15
VisualStudioVersion = 15.0.27130.2003
MinimumVisualStudioVersion = 10.0.40219.1
Project("{FAE04EC0-301F-11D3-BF4B-00C04F79EFBC}") = "01.DefineAnInterfaceIPerson", "01.DefineAnInterfaceIPerson\01.DefineAnInterfaceIPerson.csproj", "{1377F0C0-5AAB-45A9-BEBA-DA554277F16B}"
EndProject
Project("{FAE04EC0-301F-11D3-BF4B-00C04F79EFBC}") = "02.MultipleImplementation", "02.MultipleImplementation\02.MultipleImplementation.csproj", "{03DD4BB1-E01A-4F05-B615-815BE64684F9}"
EndProject
Project("{FAE04EC0-301F-11D3-BF4B-00C04F79EFBC}") = "03.Ferrari", "03.Ferrari\03.Ferrari.csproj", "{C3B1B241-88EA-4461-95CE-50E9926A1284}"
EndProject
Project("{FAE04EC0-301F-11D3-BF4B-00C04F79EFBC}") = "04.Telephony", "04.Telephony\04.Telephony.csproj", "{C1DDB451-D52F-41FD-8791-1D65CD0AD6A1}"
EndProject
Project("{FAE04EC0-301F-11D3-BF4B-00C04F79EFBC}") = "05.BorderControl", "05.BorderControl\05.BorderControl.csproj", "{5AE656B0-63D0-465B-84F1-5510ADDFE7F9}"
EndProject
Project("{FAE04EC0-301F-11D3-BF4B-00C04F79EFBC}") = "06.BirthdayCelebrations", "06.BirthdayCelebrations\06.BirthdayCelebrations.csproj", "{BA03415F-7F57-434B-BC0A-2421E7F1EDA3}"
EndProject
Project("{FAE04EC0-301F-11D3-BF4B-00C04F79EFBC}") = "07.FoodShortage", "07.FoodShortage\07.FoodShortage.csproj", "{77B6E96B-BA41-43FC-A327-044A6454D4C0}"
EndProject
Global
	GlobalSection(SolutionConfigurationPlatforms) = preSolution
		Debug|Any CPU = Debug|Any CPU
		Release|Any CPU = Release|Any CPU
	EndGlobalSection
	GlobalSection(ProjectConfigurationPlatforms) = postSolution
		{1377F0C0-5AAB-45A9-BEBA-DA554277F16B}.Debug|Any CPU.ActiveCfg = Debug|Any CPU
		{1377F0C0-5AAB-45A9-BEBA-DA554277F16B}.Debug|Any CPU.Build.0 = Debug|Any CPU
		{1377F0C0-5AAB-45A9-BEBA-DA554277F16B}.Release|Any CPU.ActiveCfg = Release|Any CPU
		{1377F0C0-5AAB-45A9-BEBA-DA554277F16B}.Release|Any CPU.Build.0 = Release|Any CPU
		{03DD4BB1-E01A-4F05-B615-815BE64684F9}.Debug|Any CPU.ActiveCfg = Debug|Any CPU
		{03DD4BB1-E01A-4F05-B615-815BE64684F9}.Debug|Any CPU.Build.0 = Debug|Any CPU
		{03DD4BB1-E01A-4F05-B615-815BE64684F9}.Release|Any CPU.ActiveCfg = Release|Any CPU
		{03DD4BB1-E01A-4F05-B615-815BE64684F9}.Release|Any CPU.Build.0 = Release|Any CPU
		{C3B1B241-88EA-4461-95CE-50E9926A1284}.Debug|Any CPU.ActiveCfg = Debug|Any CPU
		{C3B1B241-88EA-4461-95CE-50E9926A1284}.Debug|Any CPU.Build.0 = Debug|Any CPU
		{C3B1B241-88EA-4461-95CE-50E9926A1284}.Release|Any CPU.ActiveCfg = Release|Any CPU
		{C3B1B241-88EA-4461-95CE-50E9926A1284}.Release|Any CPU.Build.0 = Release|Any CPU
		{C1DDB451-D52F-41FD-8791-1D65CD0AD6A1}.Debug|Any CPU.ActiveCfg = Debug|Any CPU
		{C1DDB451-D52F-41FD-8791-1D65CD0AD6A1}.Debug|Any CPU.Build.0 = Debug|Any CPU
		{C1DDB451-D52F-41FD-8791-1D65CD0AD6A1}.Release|Any CPU.ActiveCfg = Release|Any CPU
		{C1DDB451-D52F-41FD-8791-1D65CD0AD6A1}.Release|Any CPU.Build.0 = Release|Any CPU
		{5AE656B0-63D0-465B-84F1-5510ADDFE7F9}.Debug|Any CPU.ActiveCfg = Debug|Any CPU
		{5AE656B0-63D0-465B-84F1-5510ADDFE7F9}.Debug|Any CPU.Build.0 = Debug|Any CPU
		{5AE656B0-63D0-465B-84F1-5510ADDFE7F9}.Release|Any CPU.ActiveCfg = Release|Any CPU
		{5AE656B0-63D0-465B-84F1-5510ADDFE7F9}.Release|Any CPU.Build.0 = Release|Any CPU
		{BA03415F-7F57-434B-BC0A-2421E7F1EDA3}.Debug|Any CPU.ActiveCfg = Debug|Any CPU
		{BA03415F-7F57-434B-BC0A-2421E7F1EDA3}.Debug|Any CPU.Build.0 = Debug|Any CPU
		{BA03415F-7F57-434B-BC0A-2421E7F1EDA3}.Release|Any CPU.ActiveCfg = Release|Any CPU
		{BA03415F-7F57-434B-BC0A-2421E7F1EDA3}.Release|Any CPU.Build.0 = Release|Any CPU
		{77B6E96B-BA41-43FC-A327-044A6454D4C0}.Debug|Any CPU.ActiveCfg = Debug|Any CPU
		{77B6E96B-BA41-43FC-A327-044A6454D4C0}.Debug|Any CPU.Build.0 = Debug|Any CPU
		{77B6E96B-BA41-43FC-A327-044A6454D4C0}.Release|Any CPU.ActiveCfg = Release|Any CPU
		{77B6E96B-BA41-43FC-A327-044A6454D4C0}.Release|Any CPU.Build.0 = Release|Any CPU
	EndGlobalSection
	GlobalSection(SolutionProperties) = preSolution
		HideSolutionNode = FALSE
	EndGlobalSection
	GlobalSection(ExtensibilityGlobals) = postSolution
		SolutionGuid = {AE5CF34E-C60A-4BD8-A5F7-8D227F142290}
	EndGlobalSection
EndGlobal
