
Microsoft Visual Studio Solution File, Format Version 12.00
# Visual Studio 15
VisualStudioVersion = 15.0.27130.2003
MinimumVisualStudioVersion = 10.0.40219.1
Project("{FAE04EC0-301F-11D3-BF4B-00C04F79EFBC}") = "01. CubicArtillery", "01. CubicArtillery\01. CubicArtillery.csproj", "{3DB1DBF8-0A77-492A-B4B8-CD415F7D45F0}"
EndProject
Project("{FAE04EC0-301F-11D3-BF4B-00C04F79EFBC}") = "03. CubicMessages", "03. CubicMessages\03. CubicMessages.csproj", "{787E508C-FB8D-4685-8741-6A5DA6E25284}"
EndProject
Project("{FAE04EC0-301F-11D3-BF4B-00C04F79EFBC}") = "04. CubicAssault", "04. CubicAssault\04. CubicAssault.csproj", "{891DA0A8-6646-43EE-A752-75CD6A59CFF1}"
EndProject
Global
	GlobalSection(SolutionConfigurationPlatforms) = preSolution
		Debug|Any CPU = Debug|Any CPU
		Release|Any CPU = Release|Any CPU
	EndGlobalSection
	GlobalSection(ProjectConfigurationPlatforms) = postSolution
		{3DB1DBF8-0A77-492A-B4B8-CD415F7D45F0}.Debug|Any CPU.ActiveCfg = Debug|Any CPU
		{3DB1DBF8-0A77-492A-B4B8-CD415F7D45F0}.Debug|Any CPU.Build.0 = Debug|Any CPU
		{3DB1DBF8-0A77-492A-B4B8-CD415F7D45F0}.Release|Any CPU.ActiveCfg = Release|Any CPU
		{3DB1DBF8-0A77-492A-B4B8-CD415F7D45F0}.Release|Any CPU.Build.0 = Release|Any CPU
		{787E508C-FB8D-4685-8741-6A5DA6E25284}.Debug|Any CPU.ActiveCfg = Debug|Any CPU
		{787E508C-FB8D-4685-8741-6A5DA6E25284}.Debug|Any CPU.Build.0 = Debug|Any CPU
		{787E508C-FB8D-4685-8741-6A5DA6E25284}.Release|Any CPU.ActiveCfg = Release|Any CPU
		{787E508C-FB8D-4685-8741-6A5DA6E25284}.Release|Any CPU.Build.0 = Release|Any CPU
		{891DA0A8-6646-43EE-A752-75CD6A59CFF1}.Debug|Any CPU.ActiveCfg = Debug|Any CPU
		{891DA0A8-6646-43EE-A752-75CD6A59CFF1}.Debug|Any CPU.Build.0 = Debug|Any CPU
		{891DA0A8-6646-43EE-A752-75CD6A59CFF1}.Release|Any CPU.ActiveCfg = Release|Any CPU
		{891DA0A8-6646-43EE-A752-75CD6A59CFF1}.Release|Any CPU.Build.0 = Release|Any CPU
	EndGlobalSection
	GlobalSection(SolutionProperties) = preSolution
		HideSolutionNode = FALSE
	EndGlobalSection
	GlobalSection(ExtensibilityGlobals) = postSolution
		SolutionGuid = {3DA46AB5-E1EB-444D-8FA0-C35F4F39AD4D}
	EndGlobalSection
EndGlobal
