
Microsoft Visual Studio Solution File, Format Version 12.00
# Visual Studio 15
VisualStudioVersion = 15.0.26730.16
MinimumVisualStudioVersion = 10.0.40219.1
Project("{FAE04EC0-301F-11D3-BF4B-00C04F79EFBC}") = "01. DayOfWeek", "01. DayOfWeek\01. DayOfWeek.csproj", "{B00206EE-17EC-4C2C-8539-0B65991490BB}"
EndProject
Project("{FAE04EC0-301F-11D3-BF4B-00C04F79EFBC}") = "02. ReverseArrayOfIntegers", "02. ReverseArrayOfIntegers\02. ReverseArrayOfIntegers.csproj", "{2233B770-9FBA-497D-B619-9C74665EDDE8}"
EndProject
Project("{FAE04EC0-301F-11D3-BF4B-00C04F79EFBC}") = "03. LastKNumbersSums", "03. LastKNumbersSums\03. LastKNumbersSums.csproj", "{FA290082-05C6-4C50-B09B-C27B6B9915A3}"
EndProject
Project("{FAE04EC0-301F-11D3-BF4B-00C04F79EFBC}") = "04. TripleSum", "04. TripleSum\04. TripleSum.csproj", "{C3F26681-B29E-41E5-8E7F-6F13AD02D29D}"
EndProject
Project("{FAE04EC0-301F-11D3-BF4B-00C04F79EFBC}") = "05. RoundingNumbersAwayFromZero", "05. RoundingNumbersAwayFromZero\05. RoundingNumbersAwayFromZero.csproj", "{37B45757-9EAA-4F4A-A9FE-0A2DE1820F5F}"
EndProject
Project("{FAE04EC0-301F-11D3-BF4B-00C04F79EFBC}") = "06. ReverseArrayOfStrings", "06. ReverseArrayOfStrings\06. ReverseArrayOfStrings.csproj", "{7206BA4D-AC97-4740-9389-5C9B34437093}"
EndProject
Project("{FAE04EC0-301F-11D3-BF4B-00C04F79EFBC}") = "07. SumArrays", "07. SumArrays\07. SumArrays.csproj", "{EC304508-F262-49F9-8069-010A3BAC85DE}"
EndProject
Global
	GlobalSection(SolutionConfigurationPlatforms) = preSolution
		Debug|Any CPU = Debug|Any CPU
		Release|Any CPU = Release|Any CPU
	EndGlobalSection
	GlobalSection(ProjectConfigurationPlatforms) = postSolution
		{B00206EE-17EC-4C2C-8539-0B65991490BB}.Debug|Any CPU.ActiveCfg = Debug|Any CPU
		{B00206EE-17EC-4C2C-8539-0B65991490BB}.Debug|Any CPU.Build.0 = Debug|Any CPU
		{B00206EE-17EC-4C2C-8539-0B65991490BB}.Release|Any CPU.ActiveCfg = Release|Any CPU
		{B00206EE-17EC-4C2C-8539-0B65991490BB}.Release|Any CPU.Build.0 = Release|Any CPU
		{2233B770-9FBA-497D-B619-9C74665EDDE8}.Debug|Any CPU.ActiveCfg = Debug|Any CPU
		{2233B770-9FBA-497D-B619-9C74665EDDE8}.Debug|Any CPU.Build.0 = Debug|Any CPU
		{2233B770-9FBA-497D-B619-9C74665EDDE8}.Release|Any CPU.ActiveCfg = Release|Any CPU
		{2233B770-9FBA-497D-B619-9C74665EDDE8}.Release|Any CPU.Build.0 = Release|Any CPU
		{FA290082-05C6-4C50-B09B-C27B6B9915A3}.Debug|Any CPU.ActiveCfg = Debug|Any CPU
		{FA290082-05C6-4C50-B09B-C27B6B9915A3}.Debug|Any CPU.Build.0 = Debug|Any CPU
		{FA290082-05C6-4C50-B09B-C27B6B9915A3}.Release|Any CPU.ActiveCfg = Release|Any CPU
		{FA290082-05C6-4C50-B09B-C27B6B9915A3}.Release|Any CPU.Build.0 = Release|Any CPU
		{C3F26681-B29E-41E5-8E7F-6F13AD02D29D}.Debug|Any CPU.ActiveCfg = Debug|Any CPU
		{C3F26681-B29E-41E5-8E7F-6F13AD02D29D}.Debug|Any CPU.Build.0 = Debug|Any CPU
		{C3F26681-B29E-41E5-8E7F-6F13AD02D29D}.Release|Any CPU.ActiveCfg = Release|Any CPU
		{C3F26681-B29E-41E5-8E7F-6F13AD02D29D}.Release|Any CPU.Build.0 = Release|Any CPU
		{37B45757-9EAA-4F4A-A9FE-0A2DE1820F5F}.Debug|Any CPU.ActiveCfg = Debug|Any CPU
		{37B45757-9EAA-4F4A-A9FE-0A2DE1820F5F}.Debug|Any CPU.Build.0 = Debug|Any CPU
		{37B45757-9EAA-4F4A-A9FE-0A2DE1820F5F}.Release|Any CPU.ActiveCfg = Release|Any CPU
		{37B45757-9EAA-4F4A-A9FE-0A2DE1820F5F}.Release|Any CPU.Build.0 = Release|Any CPU
		{7206BA4D-AC97-4740-9389-5C9B34437093}.Debug|Any CPU.ActiveCfg = Debug|Any CPU
		{7206BA4D-AC97-4740-9389-5C9B34437093}.Debug|Any CPU.Build.0 = Debug|Any CPU
		{7206BA4D-AC97-4740-9389-5C9B34437093}.Release|Any CPU.ActiveCfg = Release|Any CPU
		{7206BA4D-AC97-4740-9389-5C9B34437093}.Release|Any CPU.Build.0 = Release|Any CPU
		{EC304508-F262-49F9-8069-010A3BAC85DE}.Debug|Any CPU.ActiveCfg = Debug|Any CPU
		{EC304508-F262-49F9-8069-010A3BAC85DE}.Debug|Any CPU.Build.0 = Debug|Any CPU
		{EC304508-F262-49F9-8069-010A3BAC85DE}.Release|Any CPU.ActiveCfg = Release|Any CPU
		{EC304508-F262-49F9-8069-010A3BAC85DE}.Release|Any CPU.Build.0 = Release|Any CPU
	EndGlobalSection
	GlobalSection(SolutionProperties) = preSolution
		HideSolutionNode = FALSE
	EndGlobalSection
	GlobalSection(ExtensibilityGlobals) = postSolution
		SolutionGuid = {95070502-42B7-4CBA-9E7A-317A1512150C}
	EndGlobalSection
EndGlobal
