
Microsoft Visual Studio Solution File, Format Version 12.00
# Visual Studio 15
VisualStudioVersion = 15.0.26730.16
MinimumVisualStudioVersion = 10.0.40219.1
Project("{FAE04EC0-301F-11D3-BF4B-00C04F79EFBC}") = "02. CountSubstringOccurrences", "02. CountSubstringOccurrences\02. CountSubstringOccurrences.csproj", "{F2F60C9B-6F33-474F-8968-D16165636F88}"
EndProject
Project("{FAE04EC0-301F-11D3-BF4B-00C04F79EFBC}") = "01. ReverseString", "01. ReverseString\01. ReverseString.csproj", "{8899A7C9-A491-410B-BCC0-97FA8D189819}"
EndProject
Project("{FAE04EC0-301F-11D3-BF4B-00C04F79EFBC}") = "03. TextFilter", "03. TextFilter\03. TextFilter.csproj", "{5D3B6B14-0FBA-4C93-81AF-0103A3B7C2AF}"
EndProject
Project("{FAE04EC0-301F-11D3-BF4B-00C04F79EFBC}") = "04. Palindromes", "04. Palindromes\04. Palindromes.csproj", "{A044B490-B1CB-454C-AE1E-36718BC501CA}"
EndProject
Global
	GlobalSection(SolutionConfigurationPlatforms) = preSolution
		Debug|Any CPU = Debug|Any CPU
		Release|Any CPU = Release|Any CPU
	EndGlobalSection
	GlobalSection(ProjectConfigurationPlatforms) = postSolution
		{F2F60C9B-6F33-474F-8968-D16165636F88}.Debug|Any CPU.ActiveCfg = Debug|Any CPU
		{F2F60C9B-6F33-474F-8968-D16165636F88}.Debug|Any CPU.Build.0 = Debug|Any CPU
		{F2F60C9B-6F33-474F-8968-D16165636F88}.Release|Any CPU.ActiveCfg = Release|Any CPU
		{F2F60C9B-6F33-474F-8968-D16165636F88}.Release|Any CPU.Build.0 = Release|Any CPU
		{8899A7C9-A491-410B-BCC0-97FA8D189819}.Debug|Any CPU.ActiveCfg = Debug|Any CPU
		{8899A7C9-A491-410B-BCC0-97FA8D189819}.Debug|Any CPU.Build.0 = Debug|Any CPU
		{8899A7C9-A491-410B-BCC0-97FA8D189819}.Release|Any CPU.ActiveCfg = Release|Any CPU
		{8899A7C9-A491-410B-BCC0-97FA8D189819}.Release|Any CPU.Build.0 = Release|Any CPU
		{5D3B6B14-0FBA-4C93-81AF-0103A3B7C2AF}.Debug|Any CPU.ActiveCfg = Debug|Any CPU
		{5D3B6B14-0FBA-4C93-81AF-0103A3B7C2AF}.Debug|Any CPU.Build.0 = Debug|Any CPU
		{5D3B6B14-0FBA-4C93-81AF-0103A3B7C2AF}.Release|Any CPU.ActiveCfg = Release|Any CPU
		{5D3B6B14-0FBA-4C93-81AF-0103A3B7C2AF}.Release|Any CPU.Build.0 = Release|Any CPU
		{A044B490-B1CB-454C-AE1E-36718BC501CA}.Debug|Any CPU.ActiveCfg = Debug|Any CPU
		{A044B490-B1CB-454C-AE1E-36718BC501CA}.Debug|Any CPU.Build.0 = Debug|Any CPU
		{A044B490-B1CB-454C-AE1E-36718BC501CA}.Release|Any CPU.ActiveCfg = Release|Any CPU
		{A044B490-B1CB-454C-AE1E-36718BC501CA}.Release|Any CPU.Build.0 = Release|Any CPU
	EndGlobalSection
	GlobalSection(SolutionProperties) = preSolution
		HideSolutionNode = FALSE
	EndGlobalSection
	GlobalSection(ExtensibilityGlobals) = postSolution
		SolutionGuid = {57B6BB49-4A9B-47AD-A77B-F4FD3EA00B0F}
	EndGlobalSection
EndGlobal
