
Microsoft Visual Studio Solution File, Format Version 12.00
# Visual Studio 15
VisualStudioVersion = 15.0.27130.2003
MinimumVisualStudioVersion = 10.0.40219.1
Project("{9A19103F-16F7-4668-BE54-9A1E7A4F7556}") = "01.Vehicles", "01.Vehicles\01.Vehicles.csproj", "{0645BEF4-492D-40FF-B477-35251BE3A3E4}"
EndProject
Project("{9A19103F-16F7-4668-BE54-9A1E7A4F7556}") = "02.VehiclesExtension", "02.VehiclesExtension\02.VehiclesExtension.csproj", "{C9520594-87FE-4AA3-A6FE-C220B36B6526}"
EndProject
Project("{FAE04EC0-301F-11D3-BF4B-00C04F79EFBC}") = "03.WildFarm", "03.WildFarm\03.WildFarm.csproj", "{6BC641D4-40D2-4416-BE8E-1AA519A86180}"
EndProject
Global
	GlobalSection(SolutionConfigurationPlatforms) = preSolution
		Debug|Any CPU = Debug|Any CPU
		Release|Any CPU = Release|Any CPU
	EndGlobalSection
	GlobalSection(ProjectConfigurationPlatforms) = postSolution
		{0645BEF4-492D-40FF-B477-35251BE3A3E4}.Debug|Any CPU.ActiveCfg = Debug|Any CPU
		{0645BEF4-492D-40FF-B477-35251BE3A3E4}.Debug|Any CPU.Build.0 = Debug|Any CPU
		{0645BEF4-492D-40FF-B477-35251BE3A3E4}.Release|Any CPU.ActiveCfg = Release|Any CPU
		{0645BEF4-492D-40FF-B477-35251BE3A3E4}.Release|Any CPU.Build.0 = Release|Any CPU
		{C9520594-87FE-4AA3-A6FE-C220B36B6526}.Debug|Any CPU.ActiveCfg = Debug|Any CPU
		{C9520594-87FE-4AA3-A6FE-C220B36B6526}.Debug|Any CPU.Build.0 = Debug|Any CPU
		{C9520594-87FE-4AA3-A6FE-C220B36B6526}.Release|Any CPU.ActiveCfg = Release|Any CPU
		{C9520594-87FE-4AA3-A6FE-C220B36B6526}.Release|Any CPU.Build.0 = Release|Any CPU
		{6BC641D4-40D2-4416-BE8E-1AA519A86180}.Debug|Any CPU.ActiveCfg = Debug|Any CPU
		{6BC641D4-40D2-4416-BE8E-1AA519A86180}.Debug|Any CPU.Build.0 = Debug|Any CPU
		{6BC641D4-40D2-4416-BE8E-1AA519A86180}.Release|Any CPU.ActiveCfg = Release|Any CPU
		{6BC641D4-40D2-4416-BE8E-1AA519A86180}.Release|Any CPU.Build.0 = Release|Any CPU
	EndGlobalSection
	GlobalSection(SolutionProperties) = preSolution
		HideSolutionNode = FALSE
	EndGlobalSection
	GlobalSection(ExtensibilityGlobals) = postSolution
		SolutionGuid = {D317A6DD-E852-4E00-9A7C-960209D4EEB4}
	EndGlobalSection
EndGlobal
