
Microsoft Visual Studio Solution File, Format Version 12.00
# Visual Studio 15
VisualStudioVersion = 15.0.27130.2003
MinimumVisualStudioVersion = 10.0.40219.1
Project("{FAE04EC0-301F-11D3-BF4B-00C04F79EFBC}") = "02. KnightGame", "02. KnightGame\02. KnightGame.csproj", "{349AC572-EEB2-4110-B10E-FDC579CA40A4}"
EndProject
Project("{FAE04EC0-301F-11D3-BF4B-00C04F79EFBC}") = "04. Hospital", "04. Hospital\04. Hospital.csproj", "{78915DB1-2E5C-49BD-9829-A19950EE2181}"
EndProject
Project("{FAE04EC0-301F-11D3-BF4B-00C04F79EFBC}") = "01. Regeh", "01. Regeh\01. Regeh.csproj", "{56A27240-3F35-400A-9F76-289A26190B48}"
EndProject
Project("{FAE04EC0-301F-11D3-BF4B-00C04F79EFBC}") = "03. NumberWars", "03. NumberWars\03. NumberWars.csproj", "{0F307D39-D5B8-4642-87A0-AB8DA5FC50F1}"
EndProject
Global
	GlobalSection(SolutionConfigurationPlatforms) = preSolution
		Debug|Any CPU = Debug|Any CPU
		Release|Any CPU = Release|Any CPU
	EndGlobalSection
	GlobalSection(ProjectConfigurationPlatforms) = postSolution
		{349AC572-EEB2-4110-B10E-FDC579CA40A4}.Debug|Any CPU.ActiveCfg = Debug|Any CPU
		{349AC572-EEB2-4110-B10E-FDC579CA40A4}.Debug|Any CPU.Build.0 = Debug|Any CPU
		{349AC572-EEB2-4110-B10E-FDC579CA40A4}.Release|Any CPU.ActiveCfg = Release|Any CPU
		{349AC572-EEB2-4110-B10E-FDC579CA40A4}.Release|Any CPU.Build.0 = Release|Any CPU
		{78915DB1-2E5C-49BD-9829-A19950EE2181}.Debug|Any CPU.ActiveCfg = Debug|Any CPU
		{78915DB1-2E5C-49BD-9829-A19950EE2181}.Debug|Any CPU.Build.0 = Debug|Any CPU
		{78915DB1-2E5C-49BD-9829-A19950EE2181}.Release|Any CPU.ActiveCfg = Release|Any CPU
		{78915DB1-2E5C-49BD-9829-A19950EE2181}.Release|Any CPU.Build.0 = Release|Any CPU
		{56A27240-3F35-400A-9F76-289A26190B48}.Debug|Any CPU.ActiveCfg = Debug|Any CPU
		{56A27240-3F35-400A-9F76-289A26190B48}.Debug|Any CPU.Build.0 = Debug|Any CPU
		{56A27240-3F35-400A-9F76-289A26190B48}.Release|Any CPU.ActiveCfg = Release|Any CPU
		{56A27240-3F35-400A-9F76-289A26190B48}.Release|Any CPU.Build.0 = Release|Any CPU
		{0F307D39-D5B8-4642-87A0-AB8DA5FC50F1}.Debug|Any CPU.ActiveCfg = Debug|Any CPU
		{0F307D39-D5B8-4642-87A0-AB8DA5FC50F1}.Debug|Any CPU.Build.0 = Debug|Any CPU
		{0F307D39-D5B8-4642-87A0-AB8DA5FC50F1}.Release|Any CPU.ActiveCfg = Release|Any CPU
		{0F307D39-D5B8-4642-87A0-AB8DA5FC50F1}.Release|Any CPU.Build.0 = Release|Any CPU
	EndGlobalSection
	GlobalSection(SolutionProperties) = preSolution
		HideSolutionNode = FALSE
	EndGlobalSection
	GlobalSection(ExtensibilityGlobals) = postSolution
		SolutionGuid = {26F28445-1F7B-4F92-BC9D-1226563C2389}
	EndGlobalSection
EndGlobal
