
Microsoft Visual Studio Solution File, Format Version 12.00
# Visual Studio 15
VisualStudioVersion = 15.0.27130.2003
MinimumVisualStudioVersion = 10.0.40219.1
Project("{FAE04EC0-301F-11D3-BF4B-00C04F79EFBC}") = "01. SumMatrixElements", "01. SumMatrixElements\01. SumMatrixElements.csproj", "{FB449D7A-BC18-4DD1-83E5-55D14A9AEBD4}"
EndProject
Project("{FAE04EC0-301F-11D3-BF4B-00C04F79EFBC}") = "02. SquareWithMaximumSum", "02. SquareWithMaximumSum\02. SquareWithMaximumSum.csproj", "{462DF86B-EA04-4586-9851-58D5707A40A4}"
EndProject
Project("{FAE04EC0-301F-11D3-BF4B-00C04F79EFBC}") = "03. GroupNumbers", "03. GroupNumbers\03. GroupNumbers.csproj", "{86F22544-7486-4920-8A20-6427BC5622A6}"
EndProject
Project("{FAE04EC0-301F-11D3-BF4B-00C04F79EFBC}") = "04. PascalTriangle", "04. PascalTriangle\04. PascalTriangle.csproj", "{9F0D3C0F-2EBE-44E8-ACC0-E06E58FB3E64}"
EndProject
Global
	GlobalSection(SolutionConfigurationPlatforms) = preSolution
		Debug|Any CPU = Debug|Any CPU
		Release|Any CPU = Release|Any CPU
	EndGlobalSection
	GlobalSection(ProjectConfigurationPlatforms) = postSolution
		{FB449D7A-BC18-4DD1-83E5-55D14A9AEBD4}.Debug|Any CPU.ActiveCfg = Debug|Any CPU
		{FB449D7A-BC18-4DD1-83E5-55D14A9AEBD4}.Debug|Any CPU.Build.0 = Debug|Any CPU
		{FB449D7A-BC18-4DD1-83E5-55D14A9AEBD4}.Release|Any CPU.ActiveCfg = Release|Any CPU
		{FB449D7A-BC18-4DD1-83E5-55D14A9AEBD4}.Release|Any CPU.Build.0 = Release|Any CPU
		{462DF86B-EA04-4586-9851-58D5707A40A4}.Debug|Any CPU.ActiveCfg = Debug|Any CPU
		{462DF86B-EA04-4586-9851-58D5707A40A4}.Debug|Any CPU.Build.0 = Debug|Any CPU
		{462DF86B-EA04-4586-9851-58D5707A40A4}.Release|Any CPU.ActiveCfg = Release|Any CPU
		{462DF86B-EA04-4586-9851-58D5707A40A4}.Release|Any CPU.Build.0 = Release|Any CPU
		{86F22544-7486-4920-8A20-6427BC5622A6}.Debug|Any CPU.ActiveCfg = Debug|Any CPU
		{86F22544-7486-4920-8A20-6427BC5622A6}.Debug|Any CPU.Build.0 = Debug|Any CPU
		{86F22544-7486-4920-8A20-6427BC5622A6}.Release|Any CPU.ActiveCfg = Release|Any CPU
		{86F22544-7486-4920-8A20-6427BC5622A6}.Release|Any CPU.Build.0 = Release|Any CPU
		{9F0D3C0F-2EBE-44E8-ACC0-E06E58FB3E64}.Debug|Any CPU.ActiveCfg = Debug|Any CPU
		{9F0D3C0F-2EBE-44E8-ACC0-E06E58FB3E64}.Debug|Any CPU.Build.0 = Debug|Any CPU
		{9F0D3C0F-2EBE-44E8-ACC0-E06E58FB3E64}.Release|Any CPU.ActiveCfg = Release|Any CPU
		{9F0D3C0F-2EBE-44E8-ACC0-E06E58FB3E64}.Release|Any CPU.Build.0 = Release|Any CPU
	EndGlobalSection
	GlobalSection(SolutionProperties) = preSolution
		HideSolutionNode = FALSE
	EndGlobalSection
	GlobalSection(ExtensibilityGlobals) = postSolution
		SolutionGuid = {A6EF1BF1-B231-44BC-AD78-84BC9C6AA411}
	EndGlobalSection
EndGlobal
