
Microsoft Visual Studio Solution File, Format Version 12.00
# Visual Studio 15
VisualStudioVersion = 15.0.27130.2003
MinimumVisualStudioVersion = 10.0.40219.1
Project("{9A19103F-16F7-4668-BE54-9A1E7A4F7556}") = "P01_HarvestingFields", "P01_HarvestingFields\P01_HarvestingFields.csproj", "{731767C5-440C-4DA1-A57F-0958824B3110}"
EndProject
Project("{9A19103F-16F7-4668-BE54-9A1E7A4F7556}") = "P02_BlackBoxInteger", "P02_BlackBoxInteger\P02_BlackBoxInteger.csproj", "{93DE0995-41C6-4EAB-BA60-86571C985444}"
EndProject
Project("{9A19103F-16F7-4668-BE54-9A1E7A4F7556}") = "P03_BarraksWars", "P03_BarraksWars\P03_BarraksWars.csproj", "{AD8F843E-777E-419C-B4F1-3E1F4EBF9C9C}"
EndProject
Project("{FAE04EC0-301F-11D3-BF4B-00C04F79EFBC}") = "P06_TrafficLights", "P06_TrafficLights\P06_TrafficLights.csproj", "{785ABD62-9033-4D98-8D48-04A0C4A76ABD}"
EndProject
Global
	GlobalSection(SolutionConfigurationPlatforms) = preSolution
		Debug|Any CPU = Debug|Any CPU
		Release|Any CPU = Release|Any CPU
	EndGlobalSection
	GlobalSection(ProjectConfigurationPlatforms) = postSolution
		{731767C5-440C-4DA1-A57F-0958824B3110}.Debug|Any CPU.ActiveCfg = Debug|Any CPU
		{731767C5-440C-4DA1-A57F-0958824B3110}.Debug|Any CPU.Build.0 = Debug|Any CPU
		{731767C5-440C-4DA1-A57F-0958824B3110}.Release|Any CPU.ActiveCfg = Release|Any CPU
		{731767C5-440C-4DA1-A57F-0958824B3110}.Release|Any CPU.Build.0 = Release|Any CPU
		{93DE0995-41C6-4EAB-BA60-86571C985444}.Debug|Any CPU.ActiveCfg = Debug|Any CPU
		{93DE0995-41C6-4EAB-BA60-86571C985444}.Debug|Any CPU.Build.0 = Debug|Any CPU
		{93DE0995-41C6-4EAB-BA60-86571C985444}.Release|Any CPU.ActiveCfg = Release|Any CPU
		{93DE0995-41C6-4EAB-BA60-86571C985444}.Release|Any CPU.Build.0 = Release|Any CPU
		{AD8F843E-777E-419C-B4F1-3E1F4EBF9C9C}.Debug|Any CPU.ActiveCfg = Debug|Any CPU
		{AD8F843E-777E-419C-B4F1-3E1F4EBF9C9C}.Debug|Any CPU.Build.0 = Debug|Any CPU
		{AD8F843E-777E-419C-B4F1-3E1F4EBF9C9C}.Release|Any CPU.ActiveCfg = Release|Any CPU
		{AD8F843E-777E-419C-B4F1-3E1F4EBF9C9C}.Release|Any CPU.Build.0 = Release|Any CPU
		{785ABD62-9033-4D98-8D48-04A0C4A76ABD}.Debug|Any CPU.ActiveCfg = Debug|Any CPU
		{785ABD62-9033-4D98-8D48-04A0C4A76ABD}.Debug|Any CPU.Build.0 = Debug|Any CPU
		{785ABD62-9033-4D98-8D48-04A0C4A76ABD}.Release|Any CPU.ActiveCfg = Release|Any CPU
		{785ABD62-9033-4D98-8D48-04A0C4A76ABD}.Release|Any CPU.Build.0 = Release|Any CPU
	EndGlobalSection
	GlobalSection(SolutionProperties) = preSolution
		HideSolutionNode = FALSE
	EndGlobalSection
	GlobalSection(ExtensibilityGlobals) = postSolution
		SolutionGuid = {E4BE442D-DF44-4486-A14D-4BF67F600BAA}
	EndGlobalSection
EndGlobal
